Microsoft Visual Studio Solution File, Format Version 12.00
# Visual Studio 14
VisualStudioVersion = 14.0.25123.0
MinimumVisualStudioVersion = 10.0.40219.1
Project("{FAE04EC0-301F-11D3-BF4B-00C04F79EFBC}") = "CodeReflection.ScreenCapturingDemo", "CodeReflection.ScreenCapturingDemo.csproj", "{B6B8E09E-4C03-41BC-A89C-393A78373C16}"
EndProject
Global
	GlobalSection(SolutionConfigurationPlatforms) = preSolution
		bob|Any CPU = bob|Any CPU
		Debug|Any CPU = Debug|Any CPU
		Release|Any CPU = Release|Any CPU
	EndGlobalSection
	GlobalSection(ProjectConfigurationPlatforms) = postSolution
		{B6B8E09E-4C03-41BC-A89C-393A78373C16}.bob|Any CPU.ActiveCfg = Release|Any CPU
		{B6B8E09E-4C03-41BC-A89C-393A78373C16}.bob|Any CPU.Build.0 = Release|Any CPU
		{B6B8E09E-4C03-41BC-A89C-393A78373C16}.Debug|Any CPU.ActiveCfg = Debug|Any CPU
		{B6B8E09E-4C03-41BC-A89C-393A78373C16}.Debug|Any CPU.Build.0 = Debug|Any CPU
		{B6B8E09E-4C03-41BC-A89C-393A78373C16}.Release|Any CPU.ActiveCfg = Release|Any CPU
		{B6B8E09E-4C03-41BC-A89C-393A78373C16}.Release|Any CPU.Build.0 = Release|Any CPU
	EndGlobalSection
	GlobalSection(SolutionProperties) = preSolution
		HideSolutionNode = FALSE
	EndGlobalSection
EndGlobal
